
Microsoft Visual Studio Solution File, Format Version 12.00
# Visual Studio Version 17
VisualStudioVersion = 17.11.35312.102
MinimumVisualStudioVersion = 10.0.40219.1
Project("{9A19103F-16F7-4668-BE54-9A1E7A4F7556}") = "FinalProject", "FinalProject.csproj", "{CBD1B107-85AB-46B7-A8AC-2E1324781D3C}"
EndProject
Global
	GlobalSection(SolutionConfigurationPlatforms) = preSolution
		Debug|Any CPU = Debug|Any CPU
		Release|Any CPU = Release|Any CPU
	EndGlobalSection
	GlobalSection(ProjectConfigurationPlatforms) = postSolution
		{CBD1B107-85AB-46B7-A8AC-2E1324781D3C}.Debug|Any CPU.ActiveCfg = Debug|Any CPU
		{CBD1B107-85AB-46B7-A8AC-2E1324781D3C}.Debug|Any CPU.Build.0 = Debug|Any CPU
		{CBD1B107-85AB-46B7-A8AC-2E1324781D3C}.Release|Any CPU.ActiveCfg = Release|Any CPU
		{CBD1B107-85AB-46B7-A8AC-2E1324781D3C}.Release|Any CPU.Build.0 = Release|Any CPU
	EndGlobalSection
	GlobalSection(SolutionProperties) = preSolution
		HideSolutionNode = FALSE
	EndGlobalSection
	GlobalSection(ExtensibilityGlobals) = postSolution
		SolutionGuid = {81E2A7C6-D3B9-4135-83F2-3DD524591CA4}
	EndGlobalSection
EndGlobal
